
Microsoft Visual Studio Solution File, Format Version 12.00
# Visual Studio Version 17
VisualStudioVersion = 17.13.35825.156
MinimumVisualStudioVersion = 10.0.40219.1
Project("{FAE04EC0-301F-11D3-BF4B-00C04F79EFBC}") = "ConsoleApp1", "ConsoleApp1\ConsoleApp1.csproj", "{C29EEA67-C762-4A5E-B2FC-B25A11958A73}"
EndProject
Project("{FAE04EC0-301F-11D3-BF4B-00C04F79EFBC}") = "ConsoleApp2", "ConsoleApp2\ConsoleApp2.csproj", "{D90A6FA7-1FD9-47F0-B233-81C9F4245AE4}"
EndProject
Project("{FAE04EC0-301F-11D3-BF4B-00C04F79EFBC}") = "ConsoleApp3", "ConsoleApp3\ConsoleApp3.csproj", "{07153CBE-3805-4D61-9A89-666694EB5399}"
EndProject
Global
	GlobalSection(SolutionConfigurationPlatforms) = preSolution
		Debug|Any CPU = Debug|Any CPU
		Release|Any CPU = Release|Any CPU
	EndGlobalSection
	GlobalSection(ProjectConfigurationPlatforms) = postSolution
		{C29EEA67-C762-4A5E-B2FC-B25A11958A73}.Debug|Any CPU.ActiveCfg = Debug|Any CPU
		{C29EEA67-C762-4A5E-B2FC-B25A11958A73}.Debug|Any CPU.Build.0 = Debug|Any CPU
		{C29EEA67-C762-4A5E-B2FC-B25A11958A73}.Release|Any CPU.ActiveCfg = Release|Any CPU
		{C29EEA67-C762-4A5E-B2FC-B25A11958A73}.Release|Any CPU.Build.0 = Release|Any CPU
		{D90A6FA7-1FD9-47F0-B233-81C9F4245AE4}.Debug|Any CPU.ActiveCfg = Debug|Any CPU
		{D90A6FA7-1FD9-47F0-B233-81C9F4245AE4}.Debug|Any CPU.Build.0 = Debug|Any CPU
		{D90A6FA7-1FD9-47F0-B233-81C9F4245AE4}.Release|Any CPU.ActiveCfg = Release|Any CPU
		{D90A6FA7-1FD9-47F0-B233-81C9F4245AE4}.Release|Any CPU.Build.0 = Release|Any CPU
		{07153CBE-3805-4D61-9A89-666694EB5399}.Debug|Any CPU.ActiveCfg = Debug|Any CPU
		{07153CBE-3805-4D61-9A89-666694EB5399}.Debug|Any CPU.Build.0 = Debug|Any CPU
		{07153CBE-3805-4D61-9A89-666694EB5399}.Release|Any CPU.ActiveCfg = Release|Any CPU
		{07153CBE-3805-4D61-9A89-666694EB5399}.Release|Any CPU.Build.0 = Release|Any CPU
	EndGlobalSection
	GlobalSection(SolutionProperties) = preSolution
		HideSolutionNode = FALSE
	EndGlobalSection
	GlobalSection(ExtensibilityGlobals) = postSolution
		SolutionGuid = {4624B7E5-16EA-408A-9723-2CFB07AE2876}
	EndGlobalSection
EndGlobal
